{
  "name": "feeds",
  "version": "1.0.0",
  "lockfileVersion": 1,
  "dependencies": {
    "clarinet": {
      "version": "0.11.0",
      "resolved": "https://registry.npmjs.org/clarinet/-/clarinet-0.11.0.tgz",
      "integrity": "sha1-bMkSuTE43IZ/wnPNNOqQ6D4FRxk="
    },
    "core-util-is": {
      "version": "1.0.2",
      "resolved": "https://registry.npmjs.org/core-util-is/-/core-util-is-1.0.2.tgz",
      "integrity": "sha1-tf1UIgqivFq1eqtxQMlAdUUDwac="
    },
    "duplexify": {
      "version": "3.5.0",
      "resolved": "https://registry.npmjs.org/duplexify/-/duplexify-3.5.0.tgz",
      "integrity": "sha1-GqdzAC4VeEV+nZ1KULDMquvL1gQ="
    },
    "end-of-stream": {
      "version": "1.0.0",
      "resolved": "https://registry.npmjs.org/end-of-stream/-/end-of-stream-1.0.0.tgz",
      "integrity": "sha1-1FlucCc0qT5A6a+GQxnqvZn/Lw4="
    },
    "eventyoshi": {
      "version": "0.1.8",
      "resolved": "https://registry.npmjs.org/eventyoshi/-/eventyoshi-0.1.8.tgz",
      "integrity": "sha1-22wlQv4TtebA4OtHSRDEjG1MXiI="
    },
    "feedme": {
      "version": "1.0.0",
      "resolved": "https://registry.npmjs.org/feedme/-/feedme-1.0.0.tgz",
      "integrity": "sha1-nXbA0JfuOE6PnYfprvw+oG7vicE="
    },
    "funstream": {
      "version": "2.1.1",
      "resolved": "https://registry.npmjs.org/funstream/-/funstream-2.1.1.tgz",
      "integrity": "sha512-R3kfSWqK/qfVbpt0K5Xei6Lbfd3jw6D3HxmnrSdl4SIuV8YJ90LYQIBqEJS++OkR48LzUBUpnUDyGWa9yhkt0w=="
    },
    "inherits": {
      "version": "2.0.3",
      "resolved": "https://registry.npmjs.org/inherits/-/inherits-2.0.3.tgz",
      "integrity": "sha1-Yzwsg+PaQqUC9SRmAiSA9CCCYd4="
    },
    "isarray": {
      "version": "1.0.0",
      "resolved": "https://registry.npmjs.org/isarray/-/isarray-1.0.0.tgz",
      "integrity": "sha1-u5NdSFgsuhaMBoNJV6VKPgcSTxE="
    },
    "moment": {
      "version": "2.18.1",
      "resolved": "https://registry.npmjs.org/moment/-/moment-2.18.1.tgz",
      "integrity": "sha1-w2GT3Tzhwu7SrbfIAtu8d6gbHA8="
    },
    "once": {
      "version": "1.3.3",
      "resolved": "https://registry.npmjs.org/once/-/once-1.3.3.tgz",
      "integrity": "sha1-suJhVXzkwxTsgwTz+oJmPkKXyiA="
    },
    "process-nextick-args": {
      "version": "1.0.7",
      "resolved": "https://registry.npmjs.org/process-nextick-args/-/process-nextick-args-1.0.7.tgz",
      "integrity": "sha1-FQ4gt1ZZCtP5EJPyWk8q2L/zC6M="
    },
    "readable-stream": {
      "version": "2.2.11",
      "resolved": "https://registry.npmjs.org/readable-stream/-/readable-stream-2.2.11.tgz",
      "integrity": "sha512-h+8+r3MKEhkiVrwdKL8aWs1oc1VvBu33ueshOvS26RsZQ3Amhx/oO3TKe4lApSV9ueY6as8EAh7mtuFjdlhg9Q=="
    },
    "safe-buffer": {
      "version": "5.0.1",
      "resolved": "https://registry.npmjs.org/safe-buffer/-/safe-buffer-5.0.1.tgz",
      "integrity": "sha1-0mPKVGls2KMGtcplUekt5XkY++c="
    },
    "sax": {
      "version": "1.2.2",
      "resolved": "https://registry.npmjs.org/sax/-/sax-1.2.2.tgz",
      "integrity": "sha1-/YYxojvHgmvvXYcb24c3jJVkeCg="
    },
    "sorted-object": {
      "version": "2.0.1",
      "resolved": "https://registry.npmjs.org/sorted-object/-/sorted-object-2.0.1.tgz",
      "integrity": "sha1-fWMfS9OnmKJK8d/8+/6DM3pd9fw="
    },
    "stream-shift": {
      "version": "1.0.0",
      "resolved": "https://registry.npmjs.org/stream-shift/-/stream-shift-1.0.0.tgz",
      "integrity": "sha1-1cdSgl5TZ+eG944Y5EXqIjoVWVI="
    },
    "string_decoder": {
      "version": "1.0.2",
      "resolved": "https://registry.npmjs.org/string_decoder/-/string_decoder-1.0.2.tgz",
      "integrity": "sha1-sp4fThEl+pehA4K4pTNze3SR4Xk="
    },
    "util-deprecate": {
      "version": "1.0.2",
      "resolved": "https://registry.npmjs.org/util-deprecate/-/util-deprecate-1.0.2.tgz",
      "integrity": "sha1-RQ1Nyfpw3nMnYvvS1KKJgUGaDM8="
    },
    "wrappy": {
      "version": "1.0.2",
      "resolved": "https://registry.npmjs.org/wrappy/-/wrappy-1.0.2.tgz",
      "integrity": "sha1-tSQ9jz7BqjXxNkYFvA0QNuMKtp8="
    }
  }
}
